
Microsoft Visual Studio Solution File, Format Version 12.00
# Visual Studio Version 17
VisualStudioVersion = 17.14.36310.24 d17.14
MinimumVisualStudioVersion = 10.0.40219.1
Project("{FAE04EC0-301F-11D3-BF4B-00C04F79EFBC}") = "prjDoubleLinkedList", "prjDoubleLinkedList\prjDoubleLinkedList.csproj", "{CE336ACE-9380-45C6-B214-ED43BE886055}"
EndProject
Global
	GlobalSection(SolutionConfigurationPlatforms) = preSolution
		Debug|Any CPU = Debug|Any CPU
		Release|Any CPU = Release|Any CPU
	EndGlobalSection
	GlobalSection(ProjectConfigurationPlatforms) = postSolution
		{CE336ACE-9380-45C6-B214-ED43BE886055}.Debug|Any CPU.ActiveCfg = Debug|Any CPU
		{CE336ACE-9380-45C6-B214-ED43BE886055}.Debug|Any CPU.Build.0 = Debug|Any CPU
		{CE336ACE-9380-45C6-B214-ED43BE886055}.Release|Any CPU.ActiveCfg = Release|Any CPU
		{CE336ACE-9380-45C6-B214-ED43BE886055}.Release|Any CPU.Build.0 = Release|Any CPU
	EndGlobalSection
	GlobalSection(SolutionProperties) = preSolution
		HideSolutionNode = FALSE
	EndGlobalSection
	GlobalSection(ExtensibilityGlobals) = postSolution
		SolutionGuid = {9061C037-1439-4A4C-B4B2-8564750C047E}
	EndGlobalSection
EndGlobal
